
Microsoft Visual Studio Solution File, Format Version 12.00
# Visual Studio Version 16
VisualStudioVersion = 16.0.30717.126
MinimumVisualStudioVersion = 10.0.40219.1
Project("{FAE04EC0-301F-11D3-BF4B-00C04F79EFBC}") = "OPERACION", "OPERACION\OPERACION.csproj", "{9196D2FE-6F57-418A-9CA2-02A3B3CBE85B}"
EndProject
Global
	GlobalSection(SolutionConfigurationPlatforms) = preSolution
		Debug|Any CPU = Debug|Any CPU
		Release|Any CPU = Release|Any CPU
	EndGlobalSection
	GlobalSection(ProjectConfigurationPlatforms) = postSolution
		{9196D2FE-6F57-418A-9CA2-02A3B3CBE85B}.Debug|Any CPU.ActiveCfg = Debug|Any CPU
		{9196D2FE-6F57-418A-9CA2-02A3B3CBE85B}.Debug|Any CPU.Build.0 = Debug|Any CPU
		{9196D2FE-6F57-418A-9CA2-02A3B3CBE85B}.Release|Any CPU.ActiveCfg = Release|Any CPU
		{9196D2FE-6F57-418A-9CA2-02A3B3CBE85B}.Release|Any CPU.Build.0 = Release|Any CPU
	EndGlobalSection
	GlobalSection(SolutionProperties) = preSolution
		HideSolutionNode = FALSE
	EndGlobalSection
	GlobalSection(ExtensibilityGlobals) = postSolution
		SolutionGuid = {732D95DE-D54F-4C7D-AA5E-9CB8997C1680}
	EndGlobalSection
EndGlobal
